{
  "name": "ddd",
  "version": "1.0.0",
  "lockfileVersion": 1,
  "requires": true,
  "dependencies": {
    "charenc": {
      "version": "0.0.2",
      "resolved": "https://registry.npmjs.org/charenc/-/charenc-0.0.2.tgz",
      "integrity": "sha1-wKHS86cJLgN3S/qD8UwPxXkKhmc="
    },
    "crypt": {
      "version": "0.0.2",
      "resolved": "https://registry.npmjs.org/crypt/-/crypt-0.0.2.tgz",
      "integrity": "sha1-iNf/fsDfuG9xPch7u0LQRNPmxBs="
    },
    "lodash": {
      "version": "4.17.4",
      "resolved": "https://registry.npmjs.org/lodash/-/lodash-4.17.4.tgz",
      "integrity": "sha1-eCA6TRwyiuHYbcpkYONptX9AVa4="
    },
    "rust-keywords": {
      "version": "1.0.1",
      "resolved": "https://registry.npmjs.org/rust-keywords/-/rust-keywords-1.0.1.tgz",
      "integrity": "sha1-ej3vA/jteVV+JY7o6W/nR5Ls7TQ="
    },
    "sha1": {
      "version": "1.1.1",
      "resolved": "https://registry.npmjs.org/sha1/-/sha1-1.1.1.tgz",
      "integrity": "sha1-rdqnqTFo85PxnrKxUJFhjicA+Eg=",
      "requires": {
        "charenc": "0.0.2",
        "crypt": "0.0.2"
      }
    },
    "transform-json-types": {
      "version": "0.2.10",
      "resolved": "https://registry.npmjs.org/transform-json-types/-/transform-json-types-0.2.10.tgz",
      "integrity": "sha1-At4KDncgHfe9G8+Z8kMYtSnKVIA=",
      "requires": {
        "lodash": "4.17.4",
        "rust-keywords": "1.0.1",
        "sha1": "1.1.1"
      }
    }
  }
}
